
Microsoft Visual Studio Solution File, Format Version 10.00
# Visual Studio 2008
Project("{FAE04EC0-301F-11D3-BF4B-00C04F79EFBC}") = "CLR.Common", "CLR.Common\CLR.Common.csproj", "{D470965E-A803-4734-AE6F-29100878AD50}"
EndProject
Project("{FAE04EC0-301F-11D3-BF4B-00C04F79EFBC}") = "CLR.DataBase", "CLR.DataBase\CLR.DataBase.csproj", "{DCDF43EB-9F47-42A0-BD6E-31BAE1871FD6}"
EndProject
Project("{FAE04EC0-301F-11D3-BF4B-00C04F79EFBC}") = "CLR.Security", "CLR.Security\CLR.Security.csproj", "{938BE263-1A1B-4805-8119-F3ACBFE6D9E6}"
EndProject
Global
	GlobalSection(SolutionConfigurationPlatforms) = preSolution
		Debug|Any CPU = Debug|Any CPU
		Release|Any CPU = Release|Any CPU
	EndGlobalSection
	GlobalSection(ProjectConfigurationPlatforms) = postSolution
		{D470965E-A803-4734-AE6F-29100878AD50}.Debug|Any CPU.ActiveCfg = Debug|Any CPU
		{D470965E-A803-4734-AE6F-29100878AD50}.Debug|Any CPU.Build.0 = Debug|Any CPU
		{D470965E-A803-4734-AE6F-29100878AD50}.Release|Any CPU.ActiveCfg = Release|Any CPU
		{D470965E-A803-4734-AE6F-29100878AD50}.Release|Any CPU.Build.0 = Release|Any CPU
		{DCDF43EB-9F47-42A0-BD6E-31BAE1871FD6}.Debug|Any CPU.ActiveCfg = Debug|Any CPU
		{DCDF43EB-9F47-42A0-BD6E-31BAE1871FD6}.Debug|Any CPU.Build.0 = Debug|Any CPU
		{DCDF43EB-9F47-42A0-BD6E-31BAE1871FD6}.Release|Any CPU.ActiveCfg = Release|Any CPU
		{DCDF43EB-9F47-42A0-BD6E-31BAE1871FD6}.Release|Any CPU.Build.0 = Release|Any CPU
		{938BE263-1A1B-4805-8119-F3ACBFE6D9E6}.Debug|Any CPU.ActiveCfg = Debug|Any CPU
		{938BE263-1A1B-4805-8119-F3ACBFE6D9E6}.Debug|Any CPU.Build.0 = Debug|Any CPU
		{938BE263-1A1B-4805-8119-F3ACBFE6D9E6}.Release|Any CPU.ActiveCfg = Release|Any CPU
		{938BE263-1A1B-4805-8119-F3ACBFE6D9E6}.Release|Any CPU.Build.0 = Release|Any CPU
	EndGlobalSection
	GlobalSection(SolutionProperties) = preSolution
		HideSolutionNode = FALSE
	EndGlobalSection
EndGlobal
